
Microsoft Visual Studio Solution File, Format Version 12.00
# Visual Studio 15
Project("{FAE04EC0-301F-11D3-BF4B-00C04F79EFBC}") = "FlightProject", "FlightProject\FlightProject.csproj", "{B4E752D1-F010-4E36-BAC8-0785C0A1624C}"
EndProject
Global
	GlobalSection(SolutionConfigurationPlatforms) = preSolution
		Debug|anycpu = Debug|anycpu
		Release|anycpu = Release|anycpu
	EndGlobalSection
	GlobalSection(ProjectConfigurationPlatforms) = postSolution
		{B4E752D1-F010-4E36-BAC8-0785C0A1624C}.Debug|anycpu.ActiveCfg = Debug|anycpu
		{B4E752D1-F010-4E36-BAC8-0785C0A1624C}.Debug|anycpu.Build.0 = Debug|anycpu
		{B4E752D1-F010-4E36-BAC8-0785C0A1624C}.Release|anycpu.ActiveCfg = Release|anycpu
		{B4E752D1-F010-4E36-BAC8-0785C0A1624C}.Release|anycpu.Build.0 = Release|anycpu
	EndGlobalSection
EndGlobal
